
Microsoft Visual Studio Solution File, Format Version 12.00
# Visual Studio 15
VisualStudioVersion = 15.0.28307.271
MinimumVisualStudioVersion = 10.0.40219.1
Project("{FAE04EC0-301F-11D3-BF4B-00C04F79EFBC}") = "AlmostPaint", "AlmostPaint\AlmostPaint.csproj", "{33B43BAA-146A-42FF-9372-85A7DA62C642}"
EndProject
Global
	GlobalSection(SolutionConfigurationPlatforms) = preSolution
		Debug|Any CPU = Debug|Any CPU
		Release|Any CPU = Release|Any CPU
	EndGlobalSection
	GlobalSection(ProjectConfigurationPlatforms) = postSolution
		{33B43BAA-146A-42FF-9372-85A7DA62C642}.Debug|Any CPU.ActiveCfg = Debug|Any CPU
		{33B43BAA-146A-42FF-9372-85A7DA62C642}.Debug|Any CPU.Build.0 = Debug|Any CPU
		{33B43BAA-146A-42FF-9372-85A7DA62C642}.Release|Any CPU.ActiveCfg = Release|Any CPU
		{33B43BAA-146A-42FF-9372-85A7DA62C642}.Release|Any CPU.Build.0 = Release|Any CPU
	EndGlobalSection
	GlobalSection(SolutionProperties) = preSolution
		HideSolutionNode = FALSE
	EndGlobalSection
	GlobalSection(ExtensibilityGlobals) = postSolution
		SolutionGuid = {89D21CA6-06EB-4995-A402-58275CEB6AF7}
	EndGlobalSection
EndGlobal
